
Microsoft Visual Studio Solution File, Format Version 12.00
# Visual Studio Version 17
VisualStudioVersion = 17.0.31903.59
MinimumVisualStudioVersion = 10.0.40219.1
Project("{2150E333-8FDC-42A3-9474-1A3956D46DE8}") = "src", "src", "{827E0CD3-B72D-47B6-A68D-7590B98EB39B}"
EndProject
Project("{FAE04EC0-301F-11D3-BF4B-00C04F79EFBC}") = "Leaf", "src\Leaf\Leaf.csproj", "{D7FC7C50-D389-467B-856A-68D300C0FAC4}"
EndProject
Project("{2150E333-8FDC-42A3-9474-1A3956D46DE8}") = "tests", "tests", "{E5A0F6D2-8D1A-4B3C-9E7F-A1B2C3D4E5F6}"
EndProject
Project("{FAE04EC0-301F-11D3-BF4B-00C04F79EFBC}") = "Leaf.Tests", "tests\Leaf.Tests\Leaf.Tests.csproj", "{A1B2C3D4-E5F6-7890-ABCD-EF1234567890}"
EndProject
Project("{FAE04EC0-301F-11D3-BF4B-00C04F79EFBC}") = "Leaf.Core", "src\Leaf.Core\Leaf.Core.csproj", "{B53F0CB9-E3BD-4D2A-AACC-4D16E23A5225}"
EndProject
Project("{FAE04EC0-301F-11D3-BF4B-00C04F79EFBC}") = "Leaf.AskPass", "src\Leaf.AskPass\Leaf.AskPass.csproj", "{D5B292A4-56C6-444A-BBAA-0A991C1AAB25}"
EndProject
Project("{FAE04EC0-301F-11D3-BF4B-00C04F79EFBC}") = "Leaf.SequenceEditor", "src\Leaf.SequenceEditor\Leaf.SequenceEditor.csproj", "{F7E29C4A-3D8B-4A6E-9F1C-2E5B8D7A4C18}"
EndProject
Project("{FAE04EC0-301F-11D3-BF4B-00C04F79EFBC}") = "Leaf.Mcp", "src\Leaf.Mcp\Leaf.Mcp.csproj", "{E9338E11-FD09-4465-A9ED-9E8A099D043C}"
EndProject
Global
	GlobalSection(SolutionConfigurationPlatforms) = preSolution
		Debug|Any CPU = Debug|Any CPU
		Debug|x64 = Debug|x64
		Debug|x86 = Debug|x86
		Release|Any CPU = Release|Any CPU
		Release|x64 = Release|x64
		Release|x86 = Release|x86
	EndGlobalSection
	GlobalSection(ProjectConfigurationPlatforms) = postSolution
		{D7FC7C50-D389-467B-856A-68D300C0FAC4}.Debug|Any CPU.ActiveCfg = Debug|Any CPU
		{D7FC7C50-D389-467B-856A-68D300C0FAC4}.Debug|Any CPU.Build.0 = Debug|Any CPU
		{D7FC7C50-D389-467B-856A-68D300C0FAC4}.Debug|x64.ActiveCfg = Debug|Any CPU
		{D7FC7C50-D389-467B-856A-68D300C0FAC4}.Debug|x64.Build.0 = Debug|Any CPU
		{D7FC7C50-D389-467B-856A-68D300C0FAC4}.Debug|x86.ActiveCfg = Debug|Any CPU
		{D7FC7C50-D389-467B-856A-68D300C0FAC4}.Debug|x86.Build.0 = Debug|Any CPU
		{D7FC7C50-D389-467B-856A-68D300C0FAC4}.Release|Any CPU.ActiveCfg = Release|Any CPU
		{D7FC7C50-D389-467B-856A-68D300C0FAC4}.Release|Any CPU.Build.0 = Release|Any CPU
		{D7FC7C50-D389-467B-856A-68D300C0FAC4}.Release|x64.ActiveCfg = Release|Any CPU
		{D7FC7C50-D389-467B-856A-68D300C0FAC4}.Release|x64.Build.0 = Release|Any CPU
		{D7FC7C50-D389-467B-856A-68D300C0FAC4}.Release|x86.ActiveCfg = Release|Any CPU
		{D7FC7C50-D389-467B-856A-68D300C0FAC4}.Release|x86.Build.0 = Release|Any CPU
		{A1B2C3D4-E5F6-7890-ABCD-EF1234567890}.Debug|Any CPU.ActiveCfg = Debug|Any CPU
		{A1B2C3D4-E5F6-7890-ABCD-EF1234567890}.Debug|Any CPU.Build.0 = Debug|Any CPU
		{A1B2C3D4-E5F6-7890-ABCD-EF1234567890}.Debug|x64.ActiveCfg = Debug|Any CPU
		{A1B2C3D4-E5F6-7890-ABCD-EF1234567890}.Debug|x64.Build.0 = Debug|Any CPU
		{A1B2C3D4-E5F6-7890-ABCD-EF1234567890}.Debug|x86.ActiveCfg = Debug|Any CPU
		{A1B2C3D4-E5F6-7890-ABCD-EF1234567890}.Debug|x86.Build.0 = Debug|Any CPU
		{A1B2C3D4-E5F6-7890-ABCD-EF1234567890}.Release|Any CPU.ActiveCfg = Release|Any CPU
		{A1B2C3D4-E5F6-7890-ABCD-EF1234567890}.Release|Any CPU.Build.0 = Release|Any CPU
		{A1B2C3D4-E5F6-7890-ABCD-EF1234567890}.Release|x64.ActiveCfg = Release|Any CPU
		{A1B2C3D4-E5F6-7890-ABCD-EF1234567890}.Release|x64.Build.0 = Release|Any CPU
		{A1B2C3D4-E5F6-7890-ABCD-EF1234567890}.Release|x86.ActiveCfg = Release|Any CPU
		{A1B2C3D4-E5F6-7890-ABCD-EF1234567890}.Release|x86.Build.0 = Release|Any CPU
		{B53F0CB9-E3BD-4D2A-AACC-4D16E23A5225}.Debug|Any CPU.ActiveCfg = Debug|Any CPU
		{B53F0CB9-E3BD-4D2A-AACC-4D16E23A5225}.Debug|Any CPU.Build.0 = Debug|Any CPU
		{B53F0CB9-E3BD-4D2A-AACC-4D16E23A5225}.Debug|x64.ActiveCfg = Debug|Any CPU
		{B53F0CB9-E3BD-4D2A-AACC-4D16E23A5225}.Debug|x64.Build.0 = Debug|Any CPU
		{B53F0CB9-E3BD-4D2A-AACC-4D16E23A5225}.Debug|x86.ActiveCfg = Debug|Any CPU
		{B53F0CB9-E3BD-4D2A-AACC-4D16E23A5225}.Debug|x86.Build.0 = Debug|Any CPU
		{B53F0CB9-E3BD-4D2A-AACC-4D16E23A5225}.Release|Any CPU.ActiveCfg = Release|Any CPU
		{B53F0CB9-E3BD-4D2A-AACC-4D16E23A5225}.Release|Any CPU.Build.0 = Release|Any CPU
		{B53F0CB9-E3BD-4D2A-AACC-4D16E23A5225}.Release|x64.ActiveCfg = Release|Any CPU
		{B53F0CB9-E3BD-4D2A-AACC-4D16E23A5225}.Release|x64.Build.0 = Release|Any CPU
		{B53F0CB9-E3BD-4D2A-AACC-4D16E23A5225}.Release|x86.ActiveCfg = Release|Any CPU
		{B53F0CB9-E3BD-4D2A-AACC-4D16E23A5225}.Release|x86.Build.0 = Release|Any CPU
		{D5B292A4-56C6-444A-BBAA-0A991C1AAB25}.Debug|Any CPU.ActiveCfg = Debug|Any CPU
		{D5B292A4-56C6-444A-BBAA-0A991C1AAB25}.Debug|Any CPU.Build.0 = Debug|Any CPU
		{D5B292A4-56C6-444A-BBAA-0A991C1AAB25}.Debug|x64.ActiveCfg = Debug|Any CPU
		{D5B292A4-56C6-444A-BBAA-0A991C1AAB25}.Debug|x64.Build.0 = Debug|Any CPU
		{D5B292A4-56C6-444A-BBAA-0A991C1AAB25}.Debug|x86.ActiveCfg = Debug|Any CPU
		{D5B292A4-56C6-444A-BBAA-0A991C1AAB25}.Debug|x86.Build.0 = Debug|Any CPU
		{D5B292A4-56C6-444A-BBAA-0A991C1AAB25}.Release|Any CPU.ActiveCfg = Release|Any CPU
		{D5B292A4-56C6-444A-BBAA-0A991C1AAB25}.Release|Any CPU.Build.0 = Release|Any CPU
		{D5B292A4-56C6-444A-BBAA-0A991C1AAB25}.Release|x64.ActiveCfg = Release|Any CPU
		{D5B292A4-56C6-444A-BBAA-0A991C1AAB25}.Release|x64.Build.0 = Release|Any CPU
		{D5B292A4-56C6-444A-BBAA-0A991C1AAB25}.Release|x86.ActiveCfg = Release|Any CPU
		{D5B292A4-56C6-444A-BBAA-0A991C1AAB25}.Release|x86.Build.0 = Release|Any CPU
		{F7E29C4A-3D8B-4A6E-9F1C-2E5B8D7A4C18}.Debug|Any CPU.ActiveCfg = Debug|Any CPU
		{F7E29C4A-3D8B-4A6E-9F1C-2E5B8D7A4C18}.Debug|Any CPU.Build.0 = Debug|Any CPU
		{F7E29C4A-3D8B-4A6E-9F1C-2E5B8D7A4C18}.Debug|x64.ActiveCfg = Debug|Any CPU
		{F7E29C4A-3D8B-4A6E-9F1C-2E5B8D7A4C18}.Debug|x64.Build.0 = Debug|Any CPU
		{F7E29C4A-3D8B-4A6E-9F1C-2E5B8D7A4C18}.Debug|x86.ActiveCfg = Debug|Any CPU
		{F7E29C4A-3D8B-4A6E-9F1C-2E5B8D7A4C18}.Debug|x86.Build.0 = Debug|Any CPU
		{F7E29C4A-3D8B-4A6E-9F1C-2E5B8D7A4C18}.Release|Any CPU.ActiveCfg = Release|Any CPU
		{F7E29C4A-3D8B-4A6E-9F1C-2E5B8D7A4C18}.Release|Any CPU.Build.0 = Release|Any CPU
		{F7E29C4A-3D8B-4A6E-9F1C-2E5B8D7A4C18}.Release|x64.ActiveCfg = Release|Any CPU
		{F7E29C4A-3D8B-4A6E-9F1C-2E5B8D7A4C18}.Release|x64.Build.0 = Release|Any CPU
		{F7E29C4A-3D8B-4A6E-9F1C-2E5B8D7A4C18}.Release|x86.ActiveCfg = Release|Any CPU
		{F7E29C4A-3D8B-4A6E-9F1C-2E5B8D7A4C18}.Release|x86.Build.0 = Release|Any CPU
		{E9338E11-FD09-4465-A9ED-9E8A099D043C}.Debug|Any CPU.ActiveCfg = Debug|Any CPU
		{E9338E11-FD09-4465-A9ED-9E8A099D043C}.Debug|Any CPU.Build.0 = Debug|Any CPU
		{E9338E11-FD09-4465-A9ED-9E8A099D043C}.Debug|x64.ActiveCfg = Debug|Any CPU
		{E9338E11-FD09-4465-A9ED-9E8A099D043C}.Debug|x64.Build.0 = Debug|Any CPU
		{E9338E11-FD09-4465-A9ED-9E8A099D043C}.Debug|x86.ActiveCfg = Debug|Any CPU
		{E9338E11-FD09-4465-A9ED-9E8A099D043C}.Debug|x86.Build.0 = Debug|Any CPU
		{E9338E11-FD09-4465-A9ED-9E8A099D043C}.Release|Any CPU.ActiveCfg = Release|Any CPU
		{E9338E11-FD09-4465-A9ED-9E8A099D043C}.Release|Any CPU.Build.0 = Release|Any CPU
		{E9338E11-FD09-4465-A9ED-9E8A099D043C}.Release|x64.ActiveCfg = Release|Any CPU
		{E9338E11-FD09-4465-A9ED-9E8A099D043C}.Release|x64.Build.0 = Release|Any CPU
		{E9338E11-FD09-4465-A9ED-9E8A099D043C}.Release|x86.ActiveCfg = Release|Any CPU
		{E9338E11-FD09-4465-A9ED-9E8A099D043C}.Release|x86.Build.0 = Release|Any CPU
	EndGlobalSection
	GlobalSection(SolutionProperties) = preSolution
		HideSolutionNode = FALSE
	EndGlobalSection
	GlobalSection(NestedProjects) = preSolution
		{D7FC7C50-D389-467B-856A-68D300C0FAC4} = {827E0CD3-B72D-47B6-A68D-7590B98EB39B}
		{A1B2C3D4-E5F6-7890-ABCD-EF1234567890} = {E5A0F6D2-8D1A-4B3C-9E7F-A1B2C3D4E5F6}
		{B53F0CB9-E3BD-4D2A-AACC-4D16E23A5225} = {827E0CD3-B72D-47B6-A68D-7590B98EB39B}
		{D5B292A4-56C6-444A-BBAA-0A991C1AAB25} = {827E0CD3-B72D-47B6-A68D-7590B98EB39B}
		{F7E29C4A-3D8B-4A6E-9F1C-2E5B8D7A4C18} = {827E0CD3-B72D-47B6-A68D-7590B98EB39B}
		{E9338E11-FD09-4465-A9ED-9E8A099D043C} = {827E0CD3-B72D-47B6-A68D-7590B98EB39B}
	EndGlobalSection
EndGlobal
